// !$*UTF8*$!
{
	archiveVersion = 1;
	classes = {
	};
	objectVersion = 46;
	objects = {

/* Begin PBXBuildFile section */
		975121C01B446BFD006B2C52 /* Foundation.framework in Frameworks */ = {isa = PBXBuildFile; fileRef = 975121BF1B446BFD006B2C52 /* Foundation.framework */; };
		975121C21B446BFD006B2C52 /* CoreGraphics.framework in Frameworks */ = {isa = PBXBuildFile; fileRef = 975121C11B446BFD006B2C52 /* CoreGraphics.framework */; };
		975121C41B446BFE006B2C52 /* UIKit.framework in Frameworks */ = {isa = PBXBuildFile; fileRef = 975121C31B446BFE006B2C52 /* UIKit.framework */; };
		975121CA1B446BFE006B2C52 /* InfoPlist.strings in Resources */ = {isa = PBXBuildFile; fileRef = 975121C81B446BFE006B2C52 /* InfoPlist.strings */; };
		975121CC1B446BFE006B2C52 /* main.m in Sources */ = {isa = PBXBuildFile; fileRef = 975121CB1B446BFE006B2C52 /* main.m */; };
		975121D01B446BFE006B2C52 /* prefAppDelegate.m in Sources */ = {isa = PBXBuildFile; fileRef = 975121CF1B446BFE006B2C52 /* prefAppDelegate.m */; };
		975121D31B446BFE006B2C52 /* Main_iPhone.storyboard in Resources */ = {isa = PBXBuildFile; fileRef = 975121D11B446BFE006B2C52 /* Main_iPhone.storyboard */; };
		975121D61B446BFE006B2C52 /* Main_iPad.storyboard in Resources */ = {isa = PBXBuildFile; fileRef = 975121D41B446BFE006B2C52 /* Main_iPad.storyboard */; };
		975121D91B446BFE006B2C52 /* prefViewController.m in Sources */ = {isa = PBXBuildFile; fileRef = 975121D81B446BFE006B2C52 /* prefViewController.m */; };
		975121DB1B446BFE006B2C52 /* Images.xcassets in Resources */ = {isa = PBXBuildFile; fileRef = 975121DA1B446BFE006B2C52 /* Images.xcassets */; };
		975121E21B446BFE006B2C52 /* XCTest.framework in Frameworks */ = {isa = PBXBuildFile; fileRef = 975121E11B446BFE006B2C52 /* XCTest.framework */; };
		975121E31B446BFE006B2C52 /* Foundation.framework in Frameworks */ = {isa = PBXBuildFile; fileRef = 975121BF1B446BFD006B2C52 /* Foundation.framework */; };
		975121E41B446BFE006B2C52 /* UIKit.framework in Frameworks */ = {isa = PBXBuildFile; fileRef = 975121C31B446BFE006B2C52 /* UIKit.framework */; };
		975121EC1B446BFE006B2C52 /* InfoPlist.strings in Resources */ = {isa = PBXBuildFile; fileRef = 975121EA1B446BFE006B2C52 /* InfoPlist.strings */; };
		975121EE1B446BFE006B2C52 /* MyNewFMSythesizerTests.m in Sources */ = {isa = PBXBuildFile; fileRef = 975121ED1B446BFE006B2C52 /* MyNewFMSythesizerTests.m */; };
/* End PBXBuildFile section */

/* Begin PBXContainerItemProxy section */
		975121E51B446BFE006B2C52 /* PBXContainerItemProxy */ = {
			isa = PBXContainerItemProxy;
			containerPortal = 975121B41B446BFD006B2C52 /* Project object */;
			proxyType = 1;
			remoteGlobalIDString = 975121BB1B446BFD006B2C52;
			remoteInfo = MyNewFMSythesizer;
		};
/* End PBXContainerItemProxy section */

/* Begin PBXFileReference section */
		975121BC1B446BFD006B2C52 /* MyNewFMSythesizer.app */ = {isa = PBXFileReference; explicitFileType = wrapper.application; includeInIndex = 0; path = MyNewFMSythesizer.app; sourceTree = BUILT_PRODUCTS_DIR; };
		975121BF1B446BFD006B2C52 /* Foundation.framework */ = {isa = PBXFileReference; lastKnownFileType = wrapper.framework; name = Foundation.framework; path = System/Library/Frameworks/Foundation.framework; sourceTree = SDKROOT; };
		975121C11B446BFD006B2C52 /* CoreGraphics.framework */ = {isa = PBXFileReference; lastKnownFileType = wrapper.framework; name = CoreGraphics.framework; path = System/Library/Frameworks/CoreGraphics.framework; sourceTree = SDKROOT; };
		975121C31B446BFE006B2C52 /* UIKit.framework */ = {isa = PBXFileReference; lastKnownFileType = wrapper.framework; name = UIKit.framework; path = System/Library/Frameworks/UIKit.framework; sourceTree = SDKROOT; };
		975121C71B446BFE006B2C52 /* MyNewFMSythesizer-Info.plist */ = {isa = PBXFileReference; lastKnownFileType = text.plist.xml; path = "MyNewFMSythesizer-Info.plist"; sourceTree = "<group>"; };
		975121C91B446BFE006B2C52 /* en */ = {isa = PBXFileReference; lastKnownFileType = text.plist.strings; name = en; path = en.lproj/InfoPlist.strings; sourceTree = "<group>"; };
		975121CB1B446BFE006B2C52 /* main.m */ = {isa = PBXFileReference; lastKnownFileType = sourcecode.c.objc; path = main.m; sourceTree = "<group>"; };
		975121CD1B446BFE006B2C52 /* MyNewFMSythesizer-Prefix.pch */ = {isa = PBXFileReference; lastKnownFileType = sourcecode.c.h; path = "MyNewFMSythesizer-Prefix.pch"; sourceTree = "<group>"; };
		975121CE1B446BFE006B2C52 /* prefAppDelegate.h */ = {isa = PBXFileReference; lastKnownFileType = sourcecode.c.h; path = prefAppDelegate.h; sourceTree = "<group>"; };
		975121CF1B446BFE006B2C52 /* prefAppDelegate.m */ = {isa = PBXFileReference; lastKnownFileType = sourcecode.c.objc; path = prefAppDelegate.m; sourceTree = "<group>"; };
		975121D21B446BFE006B2C52 /* Base */ = {isa = PBXFileReference; lastKnownFileType = file.storyboard; name = Base; path = Base.lproj/Main_iPhone.storyboard; sourceTree = "<group>"; };
		975121D51B446BFE006B2C52 /* Base */ = {isa = PBXFileReference; lastKnownFileType = file.storyboard; name = Base; path = Base.lproj/Main_iPad.storyboard; sourceTree = "<group>"; };
		975121D71B446BFE006B2C52 /* prefViewController.h */ = {isa = PBXFileReference; lastKnownFileType = sourcecode.c.h; path = prefViewController.h; sourceTree = "<group>"; };
		975121D81B446BFE006B2C52 /* prefViewController.m */ = {isa = PBXFileReference; lastKnownFileType = sourcecode.c.objc; path = prefViewController.m; sourceTree = "<group>"; };
		975121DA1B446BFE006B2C52 /* Images.xcassets */ = {isa = PBXFileReference; lastKnownFileType = folder.assetcatalog; path = Images.xcassets; sourceTree = "<group>"; };
		975121E01B446BFE006B2C52 /* MyNewFMSythesizerTests.xctest */ = {isa = PBXFileReference; explicitFileType = wrapper.cfbundle; includeInIndex = 0; path = MyNewFMSythesizerTests.xctest; sourceTree = BUILT_PRODUCTS_DIR; };
		975121E11B446BFE006B2C52 /* XCTest.framework */ = {isa = PBXFileReference; lastKnownFileType = wrapper.framework; name = XCTest.framework; path = Library/Frameworks/XCTest.framework; sourceTree = DEVELOPER_DIR; };
		975121E91B446BFE006B2C52 /* MyNewFMSythesizerTests-Info.plist */ = {isa = PBXFileReference; lastKnownFileType = text.plist.xml; path = "MyNewFMSythesizerTests-Info.plist"; sourceTree = "<group>"; };
		975121EB1B446BFE006B2C52 /* en */ = {isa = PBXFileReference; lastKnownFileType = text.plist.strings; name = en; path = en.lproj/InfoPlist.strings; sourceTree = "<group>"; };
		975121ED1B446BFE006B2C52 /* MyNewFMSythesizerTests.m */ = {isa = PBXFileReference; lastKnownFileType = sourcecode.c.objc; path = MyNewFMSythesizerTests.m; sourceTree = "<group>"; };
/* End PBXFileReference section */

/* Begin PBXFrameworksBuildPhase section */
		975121B91B446BFD006B2C52 /* Frameworks */ = {
			isa = PBXFrameworksBuildPhase;
			buildActionMask = 2147483647;
			files = (
				975121C21B446BFD006B2C52 /* CoreGraphics.framework in Frameworks */,
				975121C41B446BFE006B2C52 /* UIKit.framework in Frameworks */,
				975121C01B446BFD006B2C52 /* Foundation.framework in Frameworks */,
			);
			runOnlyForDeploymentPostprocessing = 0;
		};
		975121DD1B446BFE006B2C52 /* Frameworks */ = {
			isa = PBXFrameworksBuildPhase;
			buildActionMask = 2147483647;
			files = (
				975121E21B446BFE006B2C52 /* XCTest.framework in Frameworks */,
				975121E41B446BFE006B2C52 /* UIKit.framework in Frameworks */,
				975121E31B446BFE006B2C52 /* Foundation.framework in Frameworks */,
			);
			runOnlyForDeploymentPostprocessing = 0;
		};
/* End PBXFrameworksBuildPhase section */

/* Begin PBXGroup section */
		975121B31B446BFD006B2C52 = {
			isa = PBXGroup;
			children = (
				975121C51B446BFE006B2C52 /* MyNewFMSythesizer */,
				975121E71B446BFE006B2C52 /* MyNewFMSythesizerTests */,
				975121BE1B446BFD006B2C52 /* Frameworks */,
				975121BD1B446BFD006B2C52 /* Products */,
			);
			sourceTree = "<group>";
		};
		975121BD1B446BFD006B2C52 /* Products */ = {
			isa = PBXGroup;
			children = (
				975121BC1B446BFD006B2C52 /* MyNewFMSythesizer.app */,
				975121E01B446BFE006B2C52 /* MyNewFMSythesizerTests.xctest */,
			);
			name = Products;
			sourceTree = "<group>";
		};
		975121BE1B446BFD006B2C52 /* Frameworks */ = {
			isa = PBXGroup;
			children = (
				975121BF1B446BFD006B2C52 /* Foundation.framework */,
				975121C11B446BFD006B2C52 /* CoreGraphics.framework */,
				975121C31B446BFE006B2C52 /* UIKit.framework */,
				975121E11B446BFE006B2C52 /* XCTest.framework */,
			);
			name = Frameworks;
			sourceTree = "<group>";
		};
		975121C51B446BFE006B2C52 /* MyNewFMSythesizer */ = {
			isa = PBXGroup;
			children = (
				975121CE1B446BFE006B2C52 /* prefAppDelegate.h */,
				975121CF1B446BFE006B2C52 /* prefAppDelegate.m */,
				975121D11B446BFE006B2C52 /* Main_iPhone.storyboard */,
				975121D41B446BFE006B2C52 /* Main_iPad.storyboard */,
				975121D71B446BFE006B2C52 /* prefViewController.h */,
				975121D81B446BFE006B2C52 /* prefViewController.m */,
				975121DA1B446BFE006B2C52 /* Images.xcassets */,
				975121C61B446BFE006B2C52 /* Supporting Files */,
			);
			path = MyNewFMSythesizer;
			sourceTree = "<group>";
		};
		975121C61B446BFE006B2C52 /* Supporting Files */ = {
			isa = PBXGroup;
			children = (
				975121C71B446BFE006B2C52 /* MyNewFMSythesizer-Info.plist */,
				975121C81B446BFE006B2C52 /* InfoPlist.strings */,
				975121CB1B446BFE006B2C52 /* main.m */,
				975121CD1B446BFE006B2C52 /* MyNewFMSythesizer-Prefix.pch */,
			);
			name = "Supporting Files";
			sourceTree = "<group>";
		};
		975121E71B446BFE006B2C52 /* MyNewFMSythesizerTests */ = {
			isa = PBXGroup;
			children = (
				975121ED1B446BFE006B2C52 /* MyNewFMSythesizerTests.m */,
				975121E81B446BFE006B2C52 /* Supporting Files */,
			);
			path = MyNewFMSythesizerTests;
			sourceTree = "<group>";
		};
		975121E81B446BFE006B2C52 /* Supporting Files */ = {
			isa = PBXGroup;
			children = (
				975121E91B446BFE006B2C52 /* MyNewFMSythesizerTests-Info.plist */,
				975121EA1B446BFE006B2C52 /* InfoPlist.strings */,
			);
			name = "Supporting Files";
			sourceTree = "<group>";
		};
/* End PBXGroup section */

/* Begin PBXNativeTarget section */
		975121BB1B446BFD006B2C52 /* MyNewFMSythesizer */ = {
			isa = PBXNativeTarget;
			buildConfigurationList = 975121F11B446BFE006B2C52 /* Build configuration list for PBXNativeTarget "MyNewFMSythesizer" */;
			buildPhases = (
				975121B81B446BFD006B2C52 /* Sources */,
				975121B91B446BFD006B2C52 /* Frameworks */,
				975121BA1B446BFD006B2C52 /* Resources */,
			);
			buildRules = (
			);
			dependencies = (
			);
			name = MyNewFMSythesizer;
			productName = MyNewFMSythesizer;
			productReference = 975121BC1B446BFD006B2C52 /* MyNewFMSythesizer.app */;
			productType = "com.apple.product-type.application";
		};
		975121DF1B446BFE006B2C52 /* MyNewFMSythesizerTests */ = {
			isa = PBXNativeTarget;
			buildConfigurationList = 975121F41B446BFE006B2C52 /* Build configuration list for PBXNativeTarget "MyNewFMSythesizerTests" */;
			buildPhases = (
				975121DC1B446BFE006B2C52 /* Sources */,
				975121DD1B446BFE006B2C52 /* Frameworks */,
				975121DE1B446BFE006B2C52 /* Resources */,
			);
			buildRules = (
			);
			dependencies = (
				975121E61B446BFE006B2C52 /* PBXTargetDependency */,
			);
			name = MyNewFMSythesizerTests;
			productName = MyNewFMSythesizerTests;
			productReference = 975121E01B446BFE006B2C52 /* MyNewFMSythesizerTests.xctest */;
			productType = "com.apple.product-type.bundle.unit-test";
		};
/* End PBXNativeTarget section */

/* Begin PBXProject section */
		975121B41B446BFD006B2C52 /* Project object */ = {
			isa = PBXProject;
			attributes = {
				CLASSPREFIX = pref;
				LastUpgradeCheck = 0510;
				ORGANIZATIONNAME = com.ethan;
				TargetAttributes = {
					975121DF1B446BFE006B2C52 = {
						TestTargetID = 975121BB1B446BFD006B2C52;
					};
				};
			};
			buildConfigurationList = 975121B71B446BFD006B2C52 /* Build configuration list for PBXProject "MyNewFMSythesizer" */;
			compatibilityVersion = "Xcode 3.2";
			developmentRegion = English;
			hasScannedForEncodings = 0;
			knownRegions = (
				en,
				Base,
			);
			mainGroup = 975121B31B446BFD006B2C52;
			productRefGroup = 975121BD1B446BFD006B2C52 /* Products */;
			projectDirPath = "";
			projectRoot = "";
			targets = (
				975121BB1B446BFD006B2C52 /* MyNewFMSythesizer */,
				975121DF1B446BFE006B2C52 /* MyNewFMSythesizerTests */,
			);
		};
/* End PBXProject section */

/* Begin PBXResourcesBuildPhase section */
		975121BA1B446BFD006B2C52 /* Resources */ = {
			isa = PBXResourcesBuildPhase;
			buildActionMask = 2147483647;
			files = (
				975121D61B446BFE006B2C52 /* Main_iPad.storyboard in Resources */,
				975121DB1B446BFE006B2C52 /* Images.xcassets in Resources */,
				975121D31B446BFE006B2C52 /* Main_iPhone.storyboard in Resources */,
				975121CA1B446BFE006B2C52 /* InfoPlist.strings in Resources */,
			);
			runOnlyForDeploymentPostprocessing = 0;
		};
		975121DE1B446BFE006B2C52 /* Resources */ = {
			isa = PBXResourcesBuildPhase;
			buildActionMask = 2147483647;
			files = (
				975121EC1B446BFE006B2C52 /* InfoPlist.strings in Resources */,
			);
			runOnlyForDeploymentPostprocessing = 0;
		};
/* End PBXResourcesBuildPhase section */

/* Begin PBXSourcesBuildPhase section */
		975121B81B446BFD006B2C52 /* Sources */ = {
			isa = PBXSourcesBuildPhase;
			buildActionMask = 2147483647;
			files = (
				975121CC1B446BFE006B2C52 /* main.m in Sources */,
				975121D01B446BFE006B2C52 /* prefAppDelegate.m in Sources */,
				975121D91B446BFE006B2C52 /* prefViewController.m in Sources */,
			);
			runOnlyForDeploymentPostprocessing = 0;
		};
		975121DC1B446BFE006B2C52 /* Sources */ = {
			isa = PBXSourcesBuildPhase;
			buildActionMask = 2147483647;
			files = (
				975121EE1B446BFE006B2C52 /* MyNewFMSythesizerTests.m in Sources */,
			);
			runOnlyForDeploymentPostprocessing = 0;
		};
/* End PBXSourcesBuildPhase section */

/* Begin PBXTargetDependency section */
		975121E61B446BFE006B2C52 /* PBXTargetDependency */ = {
			isa = PBXTargetDependency;
			target = 975121BB1B446BFD006B2C52 /* MyNewFMSythesizer */;
			targetProxy = 975121E51B446BFE006B2C52 /* PBXContainerItemProxy */;
		};
/* End PBXTargetDependency section */

/* Begin PBXVariantGroup section */
		975121C81B446BFE006B2C52 /* InfoPlist.strings */ = {
			isa = PBXVariantGroup;
			children = (
				975121C91B446BFE006B2C52 /* en */,
			);
			name = InfoPlist.strings;
			sourceTree = "<group>";
		};
		975121D11B446BFE006B2C52 /* Main_iPhone.storyboard */ = {
			isa = PBXVariantGroup;
			children = (
				975121D21B446BFE006B2C52 /* Base */,
			);
			name = Main_iPhone.storyboard;
			sourceTree = "<group>";
		};
		975121D41B446BFE006B2C52 /* Main_iPad.storyboard */ = {
			isa = PBXVariantGroup;
			children = (
				975121D51B446BFE006B2C52 /* Base */,
			);
			name = Main_iPad.storyboard;
			sourceTree = "<group>";
		};
		975121EA1B446BFE006B2C52 /* InfoPlist.strings */ = {
			isa = PBXVariantGroup;
			children = (
				975121EB1B446BFE006B2C52 /* en */,
			);
			name = InfoPlist.strings;
			sourceTree = "<group>";
		};
/* End PBXVariantGroup section */

/* Begin XCBuildConfiguration section */
		975121EF1B446BFE006B2C52 /* Debug */ = {
			isa = XCBuildConfiguration;
			buildSettings = {
				ALWAYS_SEARCH_USER_PATHS = NO;
				CLANG_CXX_LANGUAGE_STANDARD = "gnu++0x";
				CLANG_CXX_LIBRARY = "libc++";
				CLANG_ENABLE_MODULES = YES;
				CLANG_ENABLE_OBJC_ARC = YES;
				CLANG_WARN_BOOL_CONVERSION = YES;
				CLANG_WARN_CONSTANT_CONVERSION = YES;
				CLANG_WARN_DIRECT_OBJC_ISA_USAGE = YES_ERROR;
				CLANG_WARN_EMPTY_BODY = YES;
				CLANG_WARN_ENUM_CONVERSION = YES;
				CLANG_WARN_INT_CONVERSION = YES;
				CLANG_WARN_OBJC_ROOT_CLASS = YES_ERROR;
				CLANG_WARN__DUPLICATE_METHOD_MATCH = YES;
				"CODE_SIGN_IDENTITY[sdk=iphoneos*]" = "iPhone Developer";
				COPY_PHASE_STRIP = NO;
				GCC_C_LANGUAGE_STANDARD = gnu99;
				GCC_DYNAMIC_NO_PIC = NO;
				GCC_OPTIMIZATION_LEVEL = 0;
				GCC_PREPROCESSOR_DEFINITIONS = (
					"DEBUG=1",
					"$(inherited)",
				);
				GCC_SYMBOLS_PRIVATE_EXTERN = NO;
				GCC_WARN_64_TO_32_BIT_CONVERSION = YES;
				GCC_WARN_ABOUT_RETURN_TYPE = YES_ERROR;
				GCC_WARN_UNDECLARED_SELECTOR = YES;
				GCC_WARN_UNINITIALIZED_AUTOS = YES_AGGRESSIVE;
				GCC_WARN_UNUSED_FUNCTION = YES;
				GCC_WARN_UNUSED_VARIABLE = YES;
				IPHONEOS_DEPLOYMENT_TARGET = 7.1;
				ONLY_ACTIVE_ARCH = YES;
				SDKROOT = iphoneos;
				TARGETED_DEVICE_FAMILY = "1,2";
			};
			name = Debug;
		};
		975121F01B446BFE006B2C52 /* Release */ = {
			isa = XCBuildConfiguration;
			buildSettings = {
				ALWAYS_SEARCH_USER_PATHS = NO;
				CLANG_CXX_LANGUAGE_STANDARD = "gnu++0x";
				CLANG_CXX_LIBRARY = "libc++";
				CLANG_ENABLE_MODULES = YES;
				CLANG_ENABLE_OBJC_ARC = YES;
				CLANG_WARN_BOOL_CONVERSION = YES;
				CLANG_WARN_CONSTANT_CONVERSION = YES;
				CLANG_WARN_DIRECT_OBJC_ISA_USAGE = YES_ERROR;
				CLANG_WARN_EMPTY_BODY = YES;
				CLANG_WARN_ENUM_CONVERSION = YES;
				CLANG_WARN_INT_CONVERSION = YES;
				CLANG_WARN_OBJC_ROOT_CLASS = YES_ERROR;
				CLANG_WARN__DUPLICATE_METHOD_MATCH = YES;
				"CODE_SIGN_IDENTITY[sdk=iphoneos*]" = "iPhone Developer";
				COPY_PHASE_STRIP = YES;
				ENABLE_NS_ASSERTIONS = NO;
				GCC_C_LANGUAGE_STANDARD = gnu99;
				GCC_WARN_64_TO_32_BIT_CONVERSION = YES;
				GCC_WARN_ABOUT_RETURN_TYPE = YES_ERROR;
				GCC_WARN_UNDECLARED_SELECTOR = YES;
				GCC_WARN_UNINITIALIZED_AUTOS = YES_AGGRESSIVE;
				GCC_WARN_UNUSED_FUNCTION = YES;
				GCC_WARN_UNUSED_VARIABLE = YES;
				IPHONEOS_DEPLOYMENT_TARGET = 7.1;
				SDKROOT = iphoneos;
				TARGETED_DEVICE_FAMILY = "1,2";
				VALIDATE_PRODUCT = YES;
			};
			name = Release;
		};
		975121F21B446BFE006B2C52 /* Debug */ = {
			isa = XCBuildConfiguration;
			buildSettings = {
				ASSETCATALOG_COMPILER_APPICON_NAME = AppIcon;
				ASSETCATALOG_COMPILER_LAUNCHIMAGE_NAME = LaunchImage;
				GCC_PRECOMPILE_PREFIX_HEADER = YES;
				GCC_PREFIX_HEADER = "MyNewFMSythesizer/MyNewFMSythesizer-Prefix.pch";
				INFOPLIST_FILE = "MyNewFMSythesizer/MyNewFMSythesizer-Info.plist";
				PRODUCT_NAME = "$(TARGET_NAME)";
				WRAPPER_EXTENSION = app;
			};
			name = Debug;
		};
		975121F31B446BFE006B2C52 /* Release */ = {
			isa = XCBuildConfiguration;
			buildSettings = {
				ASSETCATALOG_COMPILER_APPICON_NAME = AppIcon;
				ASSETCATALOG_COMPILER_LAUNCHIMAGE_NAME = LaunchImage;
				GCC_PRECOMPILE_PREFIX_HEADER = YES;
				GCC_PREFIX_HEADER = "MyNewFMSythesizer/MyNewFMSythesizer-Prefix.pch";
				INFOPLIST_FILE = "MyNewFMSythesizer/MyNewFMSythesizer-Info.plist";
				PRODUCT_NAME = "$(TARGET_NAME)";
				WRAPPER_EXTENSION = app;
			};
			name = Release;
		};
		975121F51B446BFE006B2C52 /* Debug */ = {
			isa = XCBuildConfiguration;
			buildSettings = {
				BUNDLE_LOADER = "$(BUILT_PRODUCTS_DIR)/MyNewFMSythesizer.app/MyNewFMSythesizer";
				FRAMEWORK_SEARCH_PATHS = (
					"$(SDKROOT)/Developer/Library/Frameworks",
					"$(inherited)",
					"$(DEVELOPER_FRAMEWORKS_DIR)",
				);
				GCC_PRECOMPILE_PREFIX_HEADER = YES;
				GCC_PREFIX_HEADER = "MyNewFMSythesizer/MyNewFMSythesizer-Prefix.pch";
				GCC_PREPROCESSOR_DEFINITIONS = (
					"DEBUG=1",
					"$(inherited)",
				);
				INFOPLIST_FILE = "MyNewFMSythesizerTests/MyNewFMSythesizerTests-Info.plist";
				PRODUCT_NAME = "$(TARGET_NAME)";
				TEST_HOST = "$(BUNDLE_LOADER)";
				WRAPPER_EXTENSION = xctest;
			};
			name = Debug;
		};
		975121F61B446BFE006B2C52 /* Release */ = {
			isa = XCBuildConfiguration;
			buildSettings = {
				BUNDLE_LOADER = "$(BUILT_PRODUCTS_DIR)/MyNewFMSythesizer.app/MyNewFMSythesizer";
				FRAMEWORK_SEARCH_PATHS = (
					"$(SDKROOT)/Developer/Library/Frameworks",
					"$(inherited)",
					"$(DEVELOPER_FRAMEWORKS_DIR)",
				);
				GCC_PRECOMPILE_PREFIX_HEADER = YES;
				GCC_PREFIX_HEADER = "MyNewFMSythesizer/MyNewFMSythesizer-Prefix.pch";
				INFOPLIST_FILE = "MyNewFMSythesizerTests/MyNewFMSythesizerTests-Info.plist";
				PRODUCT_NAME = "$(TARGET_NAME)";
				TEST_HOST = "$(BUNDLE_LOADER)";
				WRAPPER_EXTENSION = xctest;
			};
			name = Release;
		};
/* End XCBuildConfiguration section */

/* Begin XCConfigurationList section */
		975121B71B446BFD006B2C52 /* Build configuration list for PBXProject "MyNewFMSythesizer" */ = {
			isa = XCConfigurationList;
			buildConfigurations = (
				975121EF1B446BFE006B2C52 /* Debug */,
				975121F01B446BFE006B2C52 /* Release */,
			);
			defaultConfigurationIsVisible = 0;
			defaultConfigurationName = Release;
		};
		975121F11B446BFE006B2C52 /* Build configuration list for PBXNativeTarget "MyNewFMSythesizer" */ = {
			isa = XCConfigurationList;
			buildConfigurations = (
				975121F21B446BFE006B2C52 /* Debug */,
				975121F31B446BFE006B2C52 /* Release */,
			);
			defaultConfigurationIsVisible = 0;
		};
		975121F41B446BFE006B2C52 /* Build configuration list for PBXNativeTarget "MyNewFMSythesizerTests" */ = {
			isa = XCConfigurationList;
			buildConfigurations = (
				975121F51B446BFE006B2C52 /* Debug */,
				975121F61B446BFE006B2C52 /* Release */,
			);
			defaultConfigurationIsVisible = 0;
		};
/* End XCConfigurationList section */
	};
	rootObject = 975121B41B446BFD006B2C52 /* Project object */;
}
